
Microsoft Visual Studio Solution File, Format Version 12.00
# Visual Studio Version 17
VisualStudioVersion = 17.7.34031.279
MinimumVisualStudioVersion = 10.0.40219.1
Project("{9A19103F-16F7-4668-BE54-9A1E7A4F7556}") = "ConsumerManager", "ConsumerManager\ConsumerManager.csproj", "{74ED9E4C-2333-438E-B078-77A63D8B5FCE}"
EndProject
Project("{2150E333-8FDC-42A3-9474-1A3956D46DE8}") = "Solution Items", "Solution Items", "{0198A139-5F82-455E-8C52-F5263517837E}"
	ProjectSection(SolutionItems) = preProject
		.editorconfig = .editorconfig
		.gitignore = .gitignore
		LICENSE = LICENSE
		README.md = README.md
	EndProjectSection
EndProject
Project("{9A19103F-16F7-4668-BE54-9A1E7A4F7556}") = "ConsumerManager.Unit.Tests", "ConsumerManager.Unit.Tests\ConsumerManager.Unit.Tests.csproj", "{363CBDB6-98CD-42B5-8CA9-A6FECD6F8B06}"
EndProject
Project("{9A19103F-16F7-4668-BE54-9A1E7A4F7556}") = "ConsumerManager.Integration.Tests", "ConsumerManager.Integration.Tests\ConsumerManager.Integration.Tests.csproj", "{2FF1A4C2-C55C-4290-80D9-0AA650514837}"
EndProject
Project("{E53339B2-1760-4266-BCC7-CA923CBCF16C}") = "docker-compose", "docker-compose.dcproj", "{25C108B2-6B1F-407E-A022-C3604CB101A5}"
EndProject
Global
	GlobalSection(SolutionConfigurationPlatforms) = preSolution
		Debug|Any CPU = Debug|Any CPU
		Release|Any CPU = Release|Any CPU
	EndGlobalSection
	GlobalSection(ProjectConfigurationPlatforms) = postSolution
		{74ED9E4C-2333-438E-B078-77A63D8B5FCE}.Debug|Any CPU.ActiveCfg = Debug|Any CPU
		{74ED9E4C-2333-438E-B078-77A63D8B5FCE}.Debug|Any CPU.Build.0 = Debug|Any CPU
		{74ED9E4C-2333-438E-B078-77A63D8B5FCE}.Release|Any CPU.ActiveCfg = Release|Any CPU
		{74ED9E4C-2333-438E-B078-77A63D8B5FCE}.Release|Any CPU.Build.0 = Release|Any CPU
		{363CBDB6-98CD-42B5-8CA9-A6FECD6F8B06}.Debug|Any CPU.ActiveCfg = Debug|Any CPU
		{363CBDB6-98CD-42B5-8CA9-A6FECD6F8B06}.Debug|Any CPU.Build.0 = Debug|Any CPU
		{363CBDB6-98CD-42B5-8CA9-A6FECD6F8B06}.Release|Any CPU.ActiveCfg = Release|Any CPU
		{363CBDB6-98CD-42B5-8CA9-A6FECD6F8B06}.Release|Any CPU.Build.0 = Release|Any CPU
		{2FF1A4C2-C55C-4290-80D9-0AA650514837}.Debug|Any CPU.ActiveCfg = Debug|Any CPU
		{2FF1A4C2-C55C-4290-80D9-0AA650514837}.Debug|Any CPU.Build.0 = Debug|Any CPU
		{2FF1A4C2-C55C-4290-80D9-0AA650514837}.Release|Any CPU.ActiveCfg = Release|Any CPU
		{2FF1A4C2-C55C-4290-80D9-0AA650514837}.Release|Any CPU.Build.0 = Release|Any CPU
		{25C108B2-6B1F-407E-A022-C3604CB101A5}.Debug|Any CPU.ActiveCfg = Debug|Any CPU
		{25C108B2-6B1F-407E-A022-C3604CB101A5}.Debug|Any CPU.Build.0 = Debug|Any CPU
		{25C108B2-6B1F-407E-A022-C3604CB101A5}.Release|Any CPU.ActiveCfg = Release|Any CPU
		{25C108B2-6B1F-407E-A022-C3604CB101A5}.Release|Any CPU.Build.0 = Release|Any CPU
	EndGlobalSection
	GlobalSection(SolutionProperties) = preSolution
		HideSolutionNode = FALSE
	EndGlobalSection
	GlobalSection(ExtensibilityGlobals) = postSolution
		SolutionGuid = {EEE078BA-120F-4C16-831D-C0778B0A9ECA}
	EndGlobalSection
EndGlobal
